
Microsoft Visual Studio Solution File, Format Version 12.00
# Visual Studio Version 17
VisualStudioVersion = 17.5.33516.290
MinimumVisualStudioVersion = 10.0.40219.1
Project("{FAE04EC0-301F-11D3-BF4B-00C04F79EFBC}") = "Food", "Food\Food.csproj", "{66BF645D-260C-494D-BDB6-596E5A933F12}"
EndProject
Global
	GlobalSection(SolutionConfigurationPlatforms) = preSolution
		Debug|Any CPU = Debug|Any CPU
		Release|Any CPU = Release|Any CPU
	EndGlobalSection
	GlobalSection(ProjectConfigurationPlatforms) = postSolution
		{66BF645D-260C-494D-BDB6-596E5A933F12}.Debug|Any CPU.ActiveCfg = Debug|Any CPU
		{66BF645D-260C-494D-BDB6-596E5A933F12}.Debug|Any CPU.Build.0 = Debug|Any CPU
		{66BF645D-260C-494D-BDB6-596E5A933F12}.Release|Any CPU.ActiveCfg = Release|Any CPU
		{66BF645D-260C-494D-BDB6-596E5A933F12}.Release|Any CPU.Build.0 = Release|Any CPU
	EndGlobalSection
	GlobalSection(SolutionProperties) = preSolution
		HideSolutionNode = FALSE
	EndGlobalSection
	GlobalSection(ExtensibilityGlobals) = postSolution
		SolutionGuid = {5152D710-CE69-4E0E-90AD-FAA39CE372D6}
	EndGlobalSection
EndGlobal
